// !$*UTF8*$!
{
	archiveVersion = 1;
	classes = {
	};
	objectVersion = 46;
	objects = {

/* Begin PBXBuildFile section */
		7EA3608F1A10B6F200B7CFAF /* main.m in Sources */ = {isa = PBXBuildFile; fileRef = 7EA3608E1A10B6F200B7CFAF /* main.m */; };
		7EA360921A10B6F200B7CFAF /* AppDelegate.m in Sources */ = {isa = PBXBuildFile; fileRef = 7EA360911A10B6F200B7CFAF /* AppDelegate.m */; };
		7EA360951A10B6F200B7CFAF /* ViewController.m in Sources */ = {isa = PBXBuildFile; fileRef = 7EA360941A10B6F200B7CFAF /* ViewController.m */; };
		7EA360981A10B6F200B7CFAF /* Main.storyboard in Resources */ = {isa = PBXBuildFile; fileRef = 7EA360961A10B6F200B7CFAF /* Main.storyboard */; };
		7EA3609A1A10B6F200B7CFAF /* Images.xcassets in Resources */ = {isa = PBXBuildFile; fileRef = 7EA360991A10B6F200B7CFAF /* Images.xcassets */; };
		7EA3609D1A10B6F200B7CFAF /* LaunchScreen.xib in Resources */ = {isa = PBXBuildFile; fileRef = 7EA3609B1A10B6F200B7CFAF /* LaunchScreen.xib */; };
		7EA360A91A10B6F200B7CFAF /* AVAudioPlayerTests.m in Sources */ = {isa = PBXBuildFile; fileRef = 7EA360A81A10B6F200B7CFAF /* AVAudioPlayerTests.m */; };
		7EA360B91A10B71000B7CFAF /* DSKPlayer.m in Sources */ = {isa = PBXBuildFile; fileRef = 7EA360B81A10B71000B7CFAF /* DSKPlayer.m */; };
		7EA360BB1A10B75B00B7CFAF /* Westlife - My Love.mp3 in Resources */ = {isa = PBXBuildFile; fileRef = 7EA360BA1A10B75B00B7CFAF /* Westlife - My Love.mp3 */; };
		7EA360BD1A10BA9400B7CFAF /* AVFoundation.framework in Frameworks */ = {isa = PBXBuildFile; fileRef = 7EA360BC1A10BA9400B7CFAF /* AVFoundation.framework */; };
/* End PBXBuildFile section */

/* Begin PBXContainerItemProxy section */
		7EA360A31A10B6F200B7CFAF /* PBXContainerItemProxy */ = {
			isa = PBXContainerItemProxy;
			containerPortal = 7EA360811A10B6F200B7CFAF /* Project object */;
			proxyType = 1;
			remoteGlobalIDString = 7EA360881A10B6F200B7CFAF;
			remoteInfo = AVAudioPlayer;
		};
/* End PBXContainerItemProxy section */

/* Begin PBXFileReference section */
		7EA360891A10B6F200B7CFAF /* AVAudioPlayer.app */ = {isa = PBXFileReference; explicitFileType = wrapper.application; includeInIndex = 0; path = AVAudioPlayer.app; sourceTree = BUILT_PRODUCTS_DIR; };
		7EA3608D1A10B6F200B7CFAF /* Info.plist */ = {isa = PBXFileReference; lastKnownFileType = text.plist.xml; path = Info.plist; sourceTree = "<group>"; };
		7EA3608E1A10B6F200B7CFAF /* main.m */ = {isa = PBXFileReference; lastKnownFileType = sourcecode.c.objc; path = main.m; sourceTree = "<group>"; };
		7EA360901A10B6F200B7CFAF /* AppDelegate.h */ = {isa = PBXFileReference; lastKnownFileType = sourcecode.c.h; path = AppDelegate.h; sourceTree = "<group>"; };
		7EA360911A10B6F200B7CFAF /* AppDelegate.m */ = {isa = PBXFileReference; lastKnownFileType = sourcecode.c.objc; path = AppDelegate.m; sourceTree = "<group>"; };
		7EA360931A10B6F200B7CFAF /* ViewController.h */ = {isa = PBXFileReference; lastKnownFileType = sourcecode.c.h; path = ViewController.h; sourceTree = "<group>"; };
		7EA360941A10B6F200B7CFAF /* ViewController.m */ = {isa = PBXFileReference; lastKnownFileType = sourcecode.c.objc; path = ViewController.m; sourceTree = "<group>"; };
		7EA360971A10B6F200B7CFAF /* Base */ = {isa = PBXFileReference; lastKnownFileType = file.storyboard; name = Base; path = Base.lproj/Main.storyboard; sourceTree = "<group>"; };
		7EA360991A10B6F200B7CFAF /* Images.xcassets */ = {isa = PBXFileReference; lastKnownFileType = folder.assetcatalog; path = Images.xcassets; sourceTree = "<group>"; };
		7EA3609C1A10B6F200B7CFAF /* Base */ = {isa = PBXFileReference; lastKnownFileType = file.xib; name = Base; path = Base.lproj/LaunchScreen.xib; sourceTree = "<group>"; };
		7EA360A21A10B6F200B7CFAF /* AVAudioPlayerTests.xctest */ = {isa = PBXFileReference; explicitFileType = wrapper.cfbundle; includeInIndex = 0; path = AVAudioPlayerTests.xctest; sourceTree = BUILT_PRODUCTS_DIR; };
		7EA360A71A10B6F200B7CFAF /* Info.plist */ = {isa = PBXFileReference; lastKnownFileType = text.plist.xml; path = Info.plist; sourceTree = "<group>"; };
		7EA360A81A10B6F200B7CFAF /* AVAudioPlayerTests.m */ = {isa = PBXFileReference; lastKnownFileType = sourcecode.c.objc; path = AVAudioPlayerTests.m; sourceTree = "<group>"; };
		7EA360B71A10B71000B7CFAF /* DSKPlayer.h */ = {isa = PBXFileReference; fileEncoding = 4; lastKnownFileType = sourcecode.c.h; path = DSKPlayer.h; sourceTree = "<group>"; };
		7EA360B81A10B71000B7CFAF /* DSKPlayer.m */ = {isa = PBXFileReference; fileEncoding = 4; lastKnownFileType = sourcecode.c.objc; path = DSKPlayer.m; sourceTree = "<group>"; };
		7EA360BA1A10B75B00B7CFAF /* Westlife - My Love.mp3 */ = {isa = PBXFileReference; lastKnownFileType = audio.mp3; path = "Westlife - My Love.mp3"; sourceTree = "<group>"; };
		7EA360BC1A10BA9400B7CFAF /* AVFoundation.framework */ = {isa = PBXFileReference; lastKnownFileType = wrapper.framework; name = AVFoundation.framework; path = System/Library/Frameworks/AVFoundation.framework; sourceTree = SDKROOT; };
/* End PBXFileReference section */

/* Begin PBXFrameworksBuildPhase section */
		7EA360861A10B6F200B7CFAF /* Frameworks */ = {
			isa = PBXFrameworksBuildPhase;
			buildActionMask = 2147483647;
			files = (
				7EA360BD1A10BA9400B7CFAF /* AVFoundation.framework in Frameworks */,
			);
			runOnlyForDeploymentPostprocessing = 0;
		};
		7EA3609F1A10B6F200B7CFAF /* Frameworks */ = {
			isa = PBXFrameworksBuildPhase;
			buildActionMask = 2147483647;
			files = (
			);
			runOnlyForDeploymentPostprocessing = 0;
		};
/* End PBXFrameworksBuildPhase section */

/* Begin PBXGroup section */
		7EA360801A10B6F200B7CFAF = {
			isa = PBXGroup;
			children = (
				7EA360BC1A10BA9400B7CFAF /* AVFoundation.framework */,
				7EA360BA1A10B75B00B7CFAF /* Westlife - My Love.mp3 */,
				7EA360B61A10B71000B7CFAF /* AVAudioPlayer+Daisuke */,
				7EA3608B1A10B6F200B7CFAF /* AVAudioPlayer */,
				7EA360A51A10B6F200B7CFAF /* AVAudioPlayerTests */,
				7EA3608A1A10B6F200B7CFAF /* Products */,
			);
			sourceTree = "<group>";
		};
		7EA3608A1A10B6F200B7CFAF /* Products */ = {
			isa = PBXGroup;
			children = (
				7EA360891A10B6F200B7CFAF /* AVAudioPlayer.app */,
				7EA360A21A10B6F200B7CFAF /* AVAudioPlayerTests.xctest */,
			);
			name = Products;
			sourceTree = "<group>";
		};
		7EA3608B1A10B6F200B7CFAF /* AVAudioPlayer */ = {
			isa = PBXGroup;
			children = (
				7EA360901A10B6F200B7CFAF /* AppDelegate.h */,
				7EA360911A10B6F200B7CFAF /* AppDelegate.m */,
				7EA360931A10B6F200B7CFAF /* ViewController.h */,
				7EA360941A10B6F200B7CFAF /* ViewController.m */,
				7EA360961A10B6F200B7CFAF /* Main.storyboard */,
				7EA360991A10B6F200B7CFAF /* Images.xcassets */,
				7EA3609B1A10B6F200B7CFAF /* LaunchScreen.xib */,
				7EA3608C1A10B6F200B7CFAF /* Supporting Files */,
			);
			path = AVAudioPlayer;
			sourceTree = "<group>";
		};
		7EA3608C1A10B6F200B7CFAF /* Supporting Files */ = {
			isa = PBXGroup;
			children = (
				7EA3608D1A10B6F200B7CFAF /* Info.plist */,
				7EA3608E1A10B6F200B7CFAF /* main.m */,
			);
			name = "Supporting Files";
			sourceTree = "<group>";
		};
		7EA360A51A10B6F200B7CFAF /* AVAudioPlayerTests */ = {
			isa = PBXGroup;
			children = (
				7EA360A81A10B6F200B7CFAF /* AVAudioPlayerTests.m */,
				7EA360A61A10B6F200B7CFAF /* Supporting Files */,
			);
			path = AVAudioPlayerTests;
			sourceTree = "<group>";
		};
		7EA360A61A10B6F200B7CFAF /* Supporting Files */ = {
			isa = PBXGroup;
			children = (
				7EA360A71A10B6F200B7CFAF /* Info.plist */,
			);
			name = "Supporting Files";
			sourceTree = "<group>";
		};
		7EA360B61A10B71000B7CFAF /* AVAudioPlayer+Daisuke */ = {
			isa = PBXGroup;
			children = (
				7EA360B71A10B71000B7CFAF /* DSKPlayer.h */,
				7EA360B81A10B71000B7CFAF /* DSKPlayer.m */,
			);
			name = "AVAudioPlayer+Daisuke";
			path = "AVAudioPlayer/AVAudioPlayer+Daisuke";
			sourceTree = "<group>";
		};
/* End PBXGroup section */

/* Begin PBXNativeTarget section */
		7EA360881A10B6F200B7CFAF /* AVAudioPlayer */ = {
			isa = PBXNativeTarget;
			buildConfigurationList = 7EA360AC1A10B6F200B7CFAF /* Build configuration list for PBXNativeTarget "AVAudioPlayer" */;
			buildPhases = (
				7EA360851A10B6F200B7CFAF /* Sources */,
				7EA360861A10B6F200B7CFAF /* Frameworks */,
				7EA360871A10B6F200B7CFAF /* Resources */,
			);
			buildRules = (
			);
			dependencies = (
			);
			name = AVAudioPlayer;
			productName = AVAudioPlayer;
			productReference = 7EA360891A10B6F200B7CFAF /* AVAudioPlayer.app */;
			productType = "com.apple.product-type.application";
		};
		7EA360A11A10B6F200B7CFAF /* AVAudioPlayerTests */ = {
			isa = PBXNativeTarget;
			buildConfigurationList = 7EA360AF1A10B6F200B7CFAF /* Build configuration list for PBXNativeTarget "AVAudioPlayerTests" */;
			buildPhases = (
				7EA3609E1A10B6F200B7CFAF /* Sources */,
				7EA3609F1A10B6F200B7CFAF /* Frameworks */,
				7EA360A01A10B6F200B7CFAF /* Resources */,
			);
			buildRules = (
			);
			dependencies = (
				7EA360A41A10B6F200B7CFAF /* PBXTargetDependency */,
			);
			name = AVAudioPlayerTests;
			productName = AVAudioPlayerTests;
			productReference = 7EA360A21A10B6F200B7CFAF /* AVAudioPlayerTests.xctest */;
			productType = "com.apple.product-type.bundle.unit-test";
		};
/* End PBXNativeTarget section */

/* Begin PBXProject section */
		7EA360811A10B6F200B7CFAF /* Project object */ = {
			isa = PBXProject;
			attributes = {
				LastUpgradeCheck = 0610;
				ORGANIZATIONNAME = Daisuke;
				TargetAttributes = {
					7EA360881A10B6F200B7CFAF = {
						CreatedOnToolsVersion = 6.1;
					};
					7EA360A11A10B6F200B7CFAF = {
						CreatedOnToolsVersion = 6.1;
						TestTargetID = 7EA360881A10B6F200B7CFAF;
					};
				};
			};
			buildConfigurationList = 7EA360841A10B6F200B7CFAF /* Build configuration list for PBXProject "AVAudioPlayer" */;
			compatibilityVersion = "Xcode 3.2";
			developmentRegion = English;
			hasScannedForEncodings = 0;
			knownRegions = (
				en,
				Base,
			);
			mainGroup = 7EA360801A10B6F200B7CFAF;
			productRefGroup = 7EA3608A1A10B6F200B7CFAF /* Products */;
			projectDirPath = "";
			projectRoot = "";
			targets = (
				7EA360881A10B6F200B7CFAF /* AVAudioPlayer */,
				7EA360A11A10B6F200B7CFAF /* AVAudioPlayerTests */,
			);
		};
/* End PBXProject section */

/* Begin PBXResourcesBuildPhase section */
		7EA360871A10B6F200B7CFAF /* Resources */ = {
			isa = PBXResourcesBuildPhase;
			buildActionMask = 2147483647;
			files = (
				7EA360BB1A10B75B00B7CFAF /* Westlife - My Love.mp3 in Resources */,
				7EA360981A10B6F200B7CFAF /* Main.storyboard in Resources */,
				7EA3609D1A10B6F200B7CFAF /* LaunchScreen.xib in Resources */,
				7EA3609A1A10B6F200B7CFAF /* Images.xcassets in Resources */,
			);
			runOnlyForDeploymentPostprocessing = 0;
		};
		7EA360A01A10B6F200B7CFAF /* Resources */ = {
			isa = PBXResourcesBuildPhase;
			buildActionMask = 2147483647;
			files = (
			);
			runOnlyForDeploymentPostprocessing = 0;
		};
/* End PBXResourcesBuildPhase section */

/* Begin PBXSourcesBuildPhase section */
		7EA360851A10B6F200B7CFAF /* Sources */ = {
			isa = PBXSourcesBuildPhase;
			buildActionMask = 2147483647;
			files = (
				7EA360951A10B6F200B7CFAF /* ViewController.m in Sources */,
				7EA360B91A10B71000B7CFAF /* DSKPlayer.m in Sources */,
				7EA360921A10B6F200B7CFAF /* AppDelegate.m in Sources */,
				7EA3608F1A10B6F200B7CFAF /* main.m in Sources */,
			);
			runOnlyForDeploymentPostprocessing = 0;
		};
		7EA3609E1A10B6F200B7CFAF /* Sources */ = {
			isa = PBXSourcesBuildPhase;
			buildActionMask = 2147483647;
			files = (
				7EA360A91A10B6F200B7CFAF /* AVAudioPlayerTests.m in Sources */,
			);
			runOnlyForDeploymentPostprocessing = 0;
		};
/* End PBXSourcesBuildPhase section */

/* Begin PBXTargetDependency section */
		7EA360A41A10B6F200B7CFAF /* PBXTargetDependency */ = {
			isa = PBXTargetDependency;
			target = 7EA360881A10B6F200B7CFAF /* AVAudioPlayer */;
			targetProxy = 7EA360A31A10B6F200B7CFAF /* PBXContainerItemProxy */;
		};
/* End PBXTargetDependency section */

/* Begin PBXVariantGroup section */
		7EA360961A10B6F200B7CFAF /* Main.storyboard */ = {
			isa = PBXVariantGroup;
			children = (
				7EA360971A10B6F200B7CFAF /* Base */,
			);
			name = Main.storyboard;
			sourceTree = "<group>";
		};
		7EA3609B1A10B6F200B7CFAF /* LaunchScreen.xib */ = {
			isa = PBXVariantGroup;
			children = (
				7EA3609C1A10B6F200B7CFAF /* Base */,
			);
			name = LaunchScreen.xib;
			sourceTree = "<group>";
		};
/* End PBXVariantGroup section */

/* Begin XCBuildConfiguration section */
		7EA360AA1A10B6F200B7CFAF /* Debug */ = {
			isa = XCBuildConfiguration;
			buildSettings = {
				ALWAYS_SEARCH_USER_PATHS = NO;
				CLANG_CXX_LANGUAGE_STANDARD = "gnu++0x";
				CLANG_CXX_LIBRARY = "libc++";
				CLANG_ENABLE_MODULES = YES;
				CLANG_ENABLE_OBJC_ARC = YES;
				CLANG_WARN_BOOL_CONVERSION = YES;
				CLANG_WARN_CONSTANT_CONVERSION = YES;
				CLANG_WARN_DIRECT_OBJC_ISA_USAGE = YES_ERROR;
				CLANG_WARN_EMPTY_BODY = YES;
				CLANG_WARN_ENUM_CONVERSION = YES;
				CLANG_WARN_INT_CONVERSION = YES;
				CLANG_WARN_OBJC_ROOT_CLASS = YES_ERROR;
				CLANG_WARN_UNREACHABLE_CODE = YES;
				CLANG_WARN__DUPLICATE_METHOD_MATCH = YES;
				"CODE_SIGN_IDENTITY[sdk=iphoneos*]" = "iPhone Developer";
				COPY_PHASE_STRIP = NO;
				ENABLE_STRICT_OBJC_MSGSEND = YES;
				GCC_C_LANGUAGE_STANDARD = gnu99;
				GCC_DYNAMIC_NO_PIC = NO;
				GCC_OPTIMIZATION_LEVEL = 0;
				GCC_PREPROCESSOR_DEFINITIONS = (
					"DEBUG=1",
					"$(inherited)",
				);
				GCC_SYMBOLS_PRIVATE_EXTERN = NO;
				GCC_WARN_64_TO_32_BIT_CONVERSION = YES;
				GCC_WARN_ABOUT_RETURN_TYPE = YES_ERROR;
				GCC_WARN_UNDECLARED_SELECTOR = YES;
				GCC_WARN_UNINITIALIZED_AUTOS = YES_AGGRESSIVE;
				GCC_WARN_UNUSED_FUNCTION = YES;
				GCC_WARN_UNUSED_VARIABLE = YES;
				IPHONEOS_DEPLOYMENT_TARGET = 8.1;
				MTL_ENABLE_DEBUG_INFO = YES;
				ONLY_ACTIVE_ARCH = YES;
				SDKROOT = iphoneos;
			};
			name = Debug;
		};
		7EA360AB1A10B6F200B7CFAF /* Release */ = {
			isa = XCBuildConfiguration;
			buildSettings = {
				ALWAYS_SEARCH_USER_PATHS = NO;
				CLANG_CXX_LANGUAGE_STANDARD = "gnu++0x";
				CLANG_CXX_LIBRARY = "libc++";
				CLANG_ENABLE_MODULES = YES;
				CLANG_ENABLE_OBJC_ARC = YES;
				CLANG_WARN_BOOL_CONVERSION = YES;
				CLANG_WARN_CONSTANT_CONVERSION = YES;
				CLANG_WARN_DIRECT_OBJC_ISA_USAGE = YES_ERROR;
				CLANG_WARN_EMPTY_BODY = YES;
				CLANG_WARN_ENUM_CONVERSION = YES;
				CLANG_WARN_INT_CONVERSION = YES;
				CLANG_WARN_OBJC_ROOT_CLASS = YES_ERROR;
				CLANG_WARN_UNREACHABLE_CODE = YES;
				CLANG_WARN__DUPLICATE_METHOD_MATCH = YES;
				"CODE_SIGN_IDENTITY[sdk=iphoneos*]" = "iPhone Developer";
				COPY_PHASE_STRIP = YES;
				ENABLE_NS_ASSERTIONS = NO;
				ENABLE_STRICT_OBJC_MSGSEND = YES;
				GCC_C_LANGUAGE_STANDARD = gnu99;
				GCC_WARN_64_TO_32_BIT_CONVERSION = YES;
				GCC_WARN_ABOUT_RETURN_TYPE = YES_ERROR;
				GCC_WARN_UNDECLARED_SELECTOR = YES;
				GCC_WARN_UNINITIALIZED_AUTOS = YES_AGGRESSIVE;
				GCC_WARN_UNUSED_FUNCTION = YES;
				GCC_WARN_UNUSED_VARIABLE = YES;
				IPHONEOS_DEPLOYMENT_TARGET = 8.1;
				MTL_ENABLE_DEBUG_INFO = NO;
				SDKROOT = iphoneos;
				VALIDATE_PRODUCT = YES;
			};
			name = Release;
		};
		7EA360AD1A10B6F200B7CFAF /* Debug */ = {
			isa = XCBuildConfiguration;
			buildSettings = {
				ASSETCATALOG_COMPILER_APPICON_NAME = AppIcon;
				INFOPLIST_FILE = AVAudioPlayer/Info.plist;
				LD_RUNPATH_SEARCH_PATHS = "$(inherited) @executable_path/Frameworks";
				PRODUCT_NAME = "$(TARGET_NAME)";
			};
			name = Debug;
		};
		7EA360AE1A10B6F200B7CFAF /* Release */ = {
			isa = XCBuildConfiguration;
			buildSettings = {
				ASSETCATALOG_COMPILER_APPICON_NAME = AppIcon;
				INFOPLIST_FILE = AVAudioPlayer/Info.plist;
				LD_RUNPATH_SEARCH_PATHS = "$(inherited) @executable_path/Frameworks";
				PRODUCT_NAME = "$(TARGET_NAME)";
			};
			name = Release;
		};
		7EA360B01A10B6F200B7CFAF /* Debug */ = {
			isa = XCBuildConfiguration;
			buildSettings = {
				BUNDLE_LOADER = "$(TEST_HOST)";
				FRAMEWORK_SEARCH_PATHS = (
					"$(SDKROOT)/Developer/Library/Frameworks",
					"$(inherited)",
				);
				GCC_PREPROCESSOR_DEFINITIONS = (
					"DEBUG=1",
					"$(inherited)",
				);
				INFOPLIST_FILE = AVAudioPlayerTests/Info.plist;
				LD_RUNPATH_SEARCH_PATHS = "$(inherited) @executable_path/Frameworks @loader_path/Frameworks";
				PRODUCT_NAME = "$(TARGET_NAME)";
				TEST_HOST = "$(BUILT_PRODUCTS_DIR)/AVAudioPlayer.app/AVAudioPlayer";
			};
			name = Debug;
		};
		7EA360B11A10B6F200B7CFAF /* Release */ = {
			isa = XCBuildConfiguration;
			buildSettings = {
				BUNDLE_LOADER = "$(TEST_HOST)";
				FRAMEWORK_SEARCH_PATHS = (
					"$(SDKROOT)/Developer/Library/Frameworks",
					"$(inherited)",
				);
				INFOPLIST_FILE = AVAudioPlayerTests/Info.plist;
				LD_RUNPATH_SEARCH_PATHS = "$(inherited) @executable_path/Frameworks @loader_path/Frameworks";
				PRODUCT_NAME = "$(TARGET_NAME)";
				TEST_HOST = "$(BUILT_PRODUCTS_DIR)/AVAudioPlayer.app/AVAudioPlayer";
			};
			name = Release;
		};
/* End XCBuildConfiguration section */

/* Begin XCConfigurationList section */
		7EA360841A10B6F200B7CFAF /* Build configuration list for PBXProject "AVAudioPlayer" */ = {
			isa = XCConfigurationList;
			buildConfigurations = (
				7EA360AA1A10B6F200B7CFAF /* Debug */,
				7EA360AB1A10B6F200B7CFAF /* Release */,
			);
			defaultConfigurationIsVisible = 0;
			defaultConfigurationName = Release;
		};
		7EA360AC1A10B6F200B7CFAF /* Build configuration list for PBXNativeTarget "AVAudioPlayer" */ = {
			isa = XCConfigurationList;
			buildConfigurations = (
				7EA360AD1A10B6F200B7CFAF /* Debug */,
				7EA360AE1A10B6F200B7CFAF /* Release */,
			);
			defaultConfigurationIsVisible = 0;
			defaultConfigurationName = Release;
		};
		7EA360AF1A10B6F200B7CFAF /* Build configuration list for PBXNativeTarget "AVAudioPlayerTests" */ = {
			isa = XCConfigurationList;
			buildConfigurations = (
				7EA360B01A10B6F200B7CFAF /* Debug */,
				7EA360B11A10B6F200B7CFAF /* Release */,
			);
			defaultConfigurationIsVisible = 0;
			defaultConfigurationName = Release;
		};
/* End XCConfigurationList section */
	};
	rootObject = 7EA360811A10B6F200B7CFAF /* Project object */;
}
